
Microsoft Visual Studio Solution File, Format Version 12.00
# Visual Studio Version 16
VisualStudioVersion = 16.0.30114.105
MinimumVisualStudioVersion = 10.0.40219.1
Project("{9A19103F-16F7-4668-BE54-9A1E7A4F7556}") = "Restaurant2", "Restaurant2\Restaurant2.csproj", "{FCD8AAB3-9CF2-4220-B056-70234953223D}"
EndProject
Global
	GlobalSection(SolutionConfigurationPlatforms) = preSolution
		Debug|Any CPU = Debug|Any CPU
		Release|Any CPU = Release|Any CPU
	EndGlobalSection
	GlobalSection(ProjectConfigurationPlatforms) = postSolution
		{FCD8AAB3-9CF2-4220-B056-70234953223D}.Debug|Any CPU.ActiveCfg = Debug|Any CPU
		{FCD8AAB3-9CF2-4220-B056-70234953223D}.Debug|Any CPU.Build.0 = Debug|Any CPU
		{FCD8AAB3-9CF2-4220-B056-70234953223D}.Release|Any CPU.ActiveCfg = Release|Any CPU
		{FCD8AAB3-9CF2-4220-B056-70234953223D}.Release|Any CPU.Build.0 = Release|Any CPU
	EndGlobalSection
	GlobalSection(SolutionProperties) = preSolution
		HideSolutionNode = FALSE
	EndGlobalSection
	GlobalSection(ExtensibilityGlobals) = postSolution
		SolutionGuid = {54785308-20A7-4720-BA6A-EC8DAAF8D84D}
	EndGlobalSection
EndGlobal
